
Microsoft Visual Studio Solution File, Format Version 12.00
# Visual Studio Version 17
VisualStudioVersion = 17.8.34601.278
MinimumVisualStudioVersion = 10.0.40219.1
Project("{FAE04EC0-301F-11D3-BF4B-00C04F79EFBC}") = "Day 1 for c sharp", "Day 1 for c sharp\Day 1 for c sharp.csproj", "{592782FD-85FB-467E-87E6-D9A82A442F7C}"
EndProject
Global
	GlobalSection(SolutionConfigurationPlatforms) = preSolution
		Debug|Any CPU = Debug|Any CPU
		Release|Any CPU = Release|Any CPU
	EndGlobalSection
	GlobalSection(ProjectConfigurationPlatforms) = postSolution
		{592782FD-85FB-467E-87E6-D9A82A442F7C}.Debug|Any CPU.ActiveCfg = Debug|Any CPU
		{592782FD-85FB-467E-87E6-D9A82A442F7C}.Debug|Any CPU.Build.0 = Debug|Any CPU
		{592782FD-85FB-467E-87E6-D9A82A442F7C}.Release|Any CPU.ActiveCfg = Release|Any CPU
		{592782FD-85FB-467E-87E6-D9A82A442F7C}.Release|Any CPU.Build.0 = Release|Any CPU
	EndGlobalSection
	GlobalSection(SolutionProperties) = preSolution
		HideSolutionNode = FALSE
	EndGlobalSection
	GlobalSection(ExtensibilityGlobals) = postSolution
		SolutionGuid = {F6221C59-21F2-476A-A0AF-2A32C34CF648}
	EndGlobalSection
EndGlobal
